
Microsoft Visual Studio Solution File, Format Version 12.00
Project("{FAE04EC0-301F-11D3-BF4B-00C04F79EFBC}") = "Practice1.Task1", "Practice1.Task1\Practice1.Task1.csproj", "{87995818-81A1-45C4-9D59-4A60D94C98C6}"
EndProject
Project("{2150E333-8FDC-42A3-9474-1A3956D46DE8}") = "Practice1", "Practice1", "{415B8786-6AFC-4956-B06E-B6DB002E68CC}"
EndProject
Project("{FAE04EC0-301F-11D3-BF4B-00C04F79EFBC}") = "Practice1.Task2", "Practice1.Task2\Practice1.Task2.csproj", "{296B3A25-91B1-457E-85F5-18FBCA54CFFD}"
EndProject
Project("{FAE04EC0-301F-11D3-BF4B-00C04F79EFBC}") = "Practice1.Task3", "Practice1.Task3\Practice1.Task3.csproj", "{64F17DFF-0B23-415F-8EC5-89A9A7F33D9F}"
EndProject
Project("{FAE04EC0-301F-11D3-BF4B-00C04F79EFBC}") = "Practice1.Task4", "Practice1.Task4\Practice1.Task4.csproj", "{4E14817B-6D6E-4230-98D7-E89B9D46C8EF}"
EndProject
Project("{FAE04EC0-301F-11D3-BF4B-00C04F79EFBC}") = "Practice1.Task5", "Practice1.Task5\Practice1.Task5.csproj", "{A42E19B3-11C5-4459-AC8C-6934A6A6FD7F}"
EndProject
Project("{FAE04EC0-301F-11D3-BF4B-00C04F79EFBC}") = "Practice1.Task6", "Practice1.Task6\Practice1.Task6.csproj", "{99508BA0-325D-422E-AB25-F25E5E12DC98}"
EndProject
Project("{FAE04EC0-301F-11D3-BF4B-00C04F79EFBC}") = "Practice1.Task7", "Practice1.Task7\Practice1.Task7.csproj", "{AB0B8B29-A02B-442F-A7B6-3B47ECF79F9A}"
EndProject
Project("{2150E333-8FDC-42A3-9474-1A3956D46DE8}") = "Practice2", "Practice2", "{13B311DC-3050-43E9-8DB2-7FDFA98CA3FD}"
EndProject
Project("{FAE04EC0-301F-11D3-BF4B-00C04F79EFBC}") = "Practice2.Task1a", "Practice2.Task1a\Practice2.Task1a.csproj", "{77F97156-CBA0-4D7B-BAB9-BBECD9EF7E62}"
EndProject
Project("{FAE04EC0-301F-11D3-BF4B-00C04F79EFBC}") = "Practice2.Task1b", "Practice2.Task1b\Practice2.Task1b.csproj", "{9E5A8271-95AE-425B-A3A1-F1B89F4A6D02}"
EndProject
Project("{FAE04EC0-301F-11D3-BF4B-00C04F79EFBC}") = "Practice2.Task1с", "Practice2.Task1с\Practice2.Task1с.csproj", "{B4635036-C334-4B1E-AE6D-70171872937A}"
EndProject
Project("{FAE04EC0-301F-11D3-BF4B-00C04F79EFBC}") = "Practice2.Task1d", "Practice2.Task1d\Practice2.Task1d.csproj", "{E1954173-7A5E-47A2-8E84-5875E10BDCB1}"
EndProject
Project("{FAE04EC0-301F-11D3-BF4B-00C04F79EFBC}") = "Practice2.Task1e", "Practice2.Task1e\Practice2.Task1e.csproj", "{391EFC3D-4242-4244-87C3-C850A72930AD}"
EndProject
Project("{FAE04EC0-301F-11D3-BF4B-00C04F79EFBC}") = "Practice2.Task1f", "Practice2.Task1f\Practice2.Task1f.csproj", "{FE99385F-0F3D-4691-8D92-BA9F4854CE43}"
EndProject
Project("{FAE04EC0-301F-11D3-BF4B-00C04F79EFBC}") = "Practice2.Task2a", "Practice2.Task2a\Practice2.Task2a.csproj", "{1D346914-E388-43C1-B211-FF2BBDCDFB31}"
EndProject
Project("{FAE04EC0-301F-11D3-BF4B-00C04F79EFBC}") = "Practice2.Task2b", "Practice2.Task2b\Practice2.Task2b.csproj", "{380EA287-F873-441B-AD88-0DE820D94576}"
EndProject
Project("{FAE04EC0-301F-11D3-BF4B-00C04F79EFBC}") = "Practice2.Task2c", "Practice2.Task2c\Practice2.Task2c.csproj", "{AB03AE99-DCD1-4FFD-AC40-FF74C346CBFD}"
EndProject
Project("{FAE04EC0-301F-11D3-BF4B-00C04F79EFBC}") = "Practice2.Task2d", "Practice2.Task2d\Practice2.Task2d.csproj", "{21159144-5D88-4F9B-AA98-7D098832D91B}"
EndProject
Project("{FAE04EC0-301F-11D3-BF4B-00C04F79EFBC}") = "Practice2.Task3", "Practice2.Task3\Practice2.Task3.csproj", "{D8B74F12-DA47-4D3D-B000-B0CAC881FF10}"
EndProject
Project("{FAE04EC0-301F-11D3-BF4B-00C04F79EFBC}") = "Practice2.Task4a", "Practice2.Task4a\Practice2.Task4a.csproj", "{2B269C65-717F-4868-AC56-D386AAEC9EEF}"
EndProject
Project("{FAE04EC0-301F-11D3-BF4B-00C04F79EFBC}") = "Practice2.Task4b", "Practice2.Task4b\Practice2.Task4b.csproj", "{A62ECDE2-24BB-439D-B2B3-9115D62D6F2E}"
EndProject
Project("{FAE04EC0-301F-11D3-BF4B-00C04F79EFBC}") = "Practice2.Task4c", "Practice2.Task4c\Practice2.Task4c.csproj", "{A4476C80-73CD-4A8F-B39E-D2A6978DE77C}"
EndProject
Project("{FAE04EC0-301F-11D3-BF4B-00C04F79EFBC}") = "Practice2.Task5", "Practice2.Task5\Practice2.Task5.csproj", "{E76447E6-8D12-42A4-BAC7-6A3C1BE0EE5C}"
EndProject
Project("{FAE04EC0-301F-11D3-BF4B-00C04F79EFBC}") = "Practice2.Task6a", "Practice2.Task6a\Practice2.Task6a.csproj", "{E268CD1E-FB7E-47CB-9627-83F20128192C}"
EndProject
Project("{FAE04EC0-301F-11D3-BF4B-00C04F79EFBC}") = "Practice2.Task6b", "Practice2.Task6b\Practice2.Task6b.csproj", "{D5144DD9-D46E-481F-BC84-1D282299E7E9}"
EndProject
Project("{FAE04EC0-301F-11D3-BF4B-00C04F79EFBC}") = "Practice2.Task6c", "Practice2.Task6c\Practice2.Task6c.csproj", "{997A631E-D6BE-4DCC-ADBC-1C40CF089912}"
EndProject
Project("{FAE04EC0-301F-11D3-BF4B-00C04F79EFBC}") = "Practice2.Task7a", "Practice2.Task7a\Practice2.Task7a.csproj", "{991B086B-C7DA-4345-9DBB-0891C4E6E891}"
EndProject
Project("{FAE04EC0-301F-11D3-BF4B-00C04F79EFBC}") = "Practice2.Task7b", "Practice2.Task7b\Practice2.Task7b.csproj", "{E9A45878-F9FD-4DEF-8849-6DF7B8EF9149}"
EndProject
Project("{FAE04EC0-301F-11D3-BF4B-00C04F79EFBC}") = "Practice2.Task7с", "Practice2.Task7с\Practice2.Task7с.csproj", "{9DB8799A-CF63-43A2-888D-87BF5E13DECE}"
EndProject
Project("{FAE04EC0-301F-11D3-BF4B-00C04F79EFBC}") = "Practice2.Task8", "Practice2.Task8\Practice2.Task8.csproj", "{A9BBD09A-0130-4D3E-869D-6C5F8AE1B080}"
EndProject
Project("{FAE04EC0-301F-11D3-BF4B-00C04F79EFBC}") = "Practice2.Task9", "Practice2.Task9\Practice2.Task9.csproj", "{77CBCEC1-1060-439B-B61E-92BDEDE95E4F}"
EndProject
Project("{FAE04EC0-301F-11D3-BF4B-00C04F79EFBC}") = "Practice2.Task10", "Practice2.Task10\Practice2.Task10.csproj", "{E56CA603-88E4-4FC5-8F69-EBC557185088}"
EndProject
Project("{FAE04EC0-301F-11D3-BF4B-00C04F79EFBC}") = "Practice2.Task11", "Practice2.Task11\Practice2.Task11.csproj", "{4F925E29-DE5B-4BF2-BA60-6471476C25E2}"
EndProject
Project("{FAE04EC0-301F-11D3-BF4B-00C04F79EFBC}") = "Practice2.Task12", "Practice2.Task12\Practice2.Task12.csproj", "{CE926565-64A9-49AE-B26E-D32F5C51DBB7}"
EndProject
Project("{FAE04EC0-301F-11D3-BF4B-00C04F79EFBC}") = "Practice2.Task13", "Practice2.Task13\Practice2.Task13.csproj", "{6DD1AB07-F57C-493E-B525-7863F17CD238}"
EndProject
Project("{FAE04EC0-301F-11D3-BF4B-00C04F79EFBC}") = "Practice2.Task14", "Practice2.Task14\Practice2.Task14.csproj", "{C9BC9EB2-A2A2-4376-9EB1-7F29E8210EF6}"
EndProject
Project("{FAE04EC0-301F-11D3-BF4B-00C04F79EFBC}") = "Practice2.Task15", "Practice2.Task15\Practice2.Task15.csproj", "{38BC03C1-60A0-4A7E-9276-26D82C84D66E}"
EndProject
Project("{FAE04EC0-301F-11D3-BF4B-00C04F79EFBC}") = "Practice2.Task16", "Practice2.Task16\Practice2.Task16.csproj", "{0B463DBC-1869-460E-AC6E-B5E085CF694E}"
EndProject
Project("{FAE04EC0-301F-11D3-BF4B-00C04F79EFBC}") = "Practice2.Task17", "Practice2.Task17\Practice2.Task17.csproj", "{D9CBA3BB-F09B-485A-AB41-EB4671F3BFA5}"
EndProject
Project("{FAE04EC0-301F-11D3-BF4B-00C04F79EFBC}") = "Practice2.Task18", "Practice2.Task18\Practice2.Task18.csproj", "{616408A6-C810-4E30-A425-7DF3CFBBA8A9}"
EndProject
Project("{FAE04EC0-301F-11D3-BF4B-00C04F79EFBC}") = "Practice2.Task19", "Practice2.Task19\Practice2.Task19.csproj", "{10C748AE-9001-4E0F-9073-F065B3312113}"
EndProject
Project("{FAE04EC0-301F-11D3-BF4B-00C04F79EFBC}") = "Practice2.Task20", "Practice2.Task20\Practice2.Task20.csproj", "{421D1B27-3D82-45D4-9836-1EEC89A9A239}"
EndProject
Project("{FAE04EC0-301F-11D3-BF4B-00C04F79EFBC}") = "Practice2.Task21", "Practice2.Task21\Practice2.Task21.csproj", "{A6A26FED-18D4-4E0E-BBE3-B2ED5B436753}"
EndProject
Project("{FAE04EC0-301F-11D3-BF4B-00C04F79EFBC}") = "Practice2.Task22а", "Practice2.Task22а\Practice2.Task22а.csproj", "{8EE42223-837B-4202-9803-86FCD2E222FB}"
EndProject
Project("{FAE04EC0-301F-11D3-BF4B-00C04F79EFBC}") = "Practice2.Task22b", "Practice2.Task22b\Practice2.Task22b.csproj", "{22FE56AE-2BAB-425B-B259-FCEA8204A7DB}"
EndProject
Project("{FAE04EC0-301F-11D3-BF4B-00C04F79EFBC}") = "Practice2.Task23а", "Practice2.Task23а\Practice2.Task23а.csproj", "{178D1419-07F6-475C-A00C-D0AC3D9D7295}"
EndProject
Project("{FAE04EC0-301F-11D3-BF4B-00C04F79EFBC}") = "Practice2.Task24", "Practice2.Task24\Practice2.Task24.csproj", "{F2C71630-C0BD-4279-AF40-8D229DDCAF0D}"
EndProject
Project("{FAE04EC0-301F-11D3-BF4B-00C04F79EFBC}") = "Practice2.Task25", "Practice2.Task25\Practice2.Task25.csproj", "{20B1864B-5B3E-4FB9-9E84-C8322E97A8E4}"
EndProject
Global
	GlobalSection(SolutionConfigurationPlatforms) = preSolution
		Debug|Any CPU = Debug|Any CPU
		Release|Any CPU = Release|Any CPU
	EndGlobalSection
	GlobalSection(ProjectConfigurationPlatforms) = postSolution
		{87995818-81A1-45C4-9D59-4A60D94C98C6}.Debug|Any CPU.ActiveCfg = Debug|Any CPU
		{87995818-81A1-45C4-9D59-4A60D94C98C6}.Debug|Any CPU.Build.0 = Debug|Any CPU
		{87995818-81A1-45C4-9D59-4A60D94C98C6}.Release|Any CPU.ActiveCfg = Release|Any CPU
		{87995818-81A1-45C4-9D59-4A60D94C98C6}.Release|Any CPU.Build.0 = Release|Any CPU
		{296B3A25-91B1-457E-85F5-18FBCA54CFFD}.Debug|Any CPU.ActiveCfg = Debug|Any CPU
		{296B3A25-91B1-457E-85F5-18FBCA54CFFD}.Debug|Any CPU.Build.0 = Debug|Any CPU
		{296B3A25-91B1-457E-85F5-18FBCA54CFFD}.Release|Any CPU.ActiveCfg = Release|Any CPU
		{296B3A25-91B1-457E-85F5-18FBCA54CFFD}.Release|Any CPU.Build.0 = Release|Any CPU
		{64F17DFF-0B23-415F-8EC5-89A9A7F33D9F}.Debug|Any CPU.ActiveCfg = Debug|Any CPU
		{64F17DFF-0B23-415F-8EC5-89A9A7F33D9F}.Debug|Any CPU.Build.0 = Debug|Any CPU
		{64F17DFF-0B23-415F-8EC5-89A9A7F33D9F}.Release|Any CPU.ActiveCfg = Release|Any CPU
		{64F17DFF-0B23-415F-8EC5-89A9A7F33D9F}.Release|Any CPU.Build.0 = Release|Any CPU
		{4E14817B-6D6E-4230-98D7-E89B9D46C8EF}.Debug|Any CPU.ActiveCfg = Debug|Any CPU
		{4E14817B-6D6E-4230-98D7-E89B9D46C8EF}.Debug|Any CPU.Build.0 = Debug|Any CPU
		{4E14817B-6D6E-4230-98D7-E89B9D46C8EF}.Release|Any CPU.ActiveCfg = Release|Any CPU
		{4E14817B-6D6E-4230-98D7-E89B9D46C8EF}.Release|Any CPU.Build.0 = Release|Any CPU
		{A42E19B3-11C5-4459-AC8C-6934A6A6FD7F}.Debug|Any CPU.ActiveCfg = Debug|Any CPU
		{A42E19B3-11C5-4459-AC8C-6934A6A6FD7F}.Debug|Any CPU.Build.0 = Debug|Any CPU
		{A42E19B3-11C5-4459-AC8C-6934A6A6FD7F}.Release|Any CPU.ActiveCfg = Release|Any CPU
		{A42E19B3-11C5-4459-AC8C-6934A6A6FD7F}.Release|Any CPU.Build.0 = Release|Any CPU
		{99508BA0-325D-422E-AB25-F25E5E12DC98}.Debug|Any CPU.ActiveCfg = Debug|Any CPU
		{99508BA0-325D-422E-AB25-F25E5E12DC98}.Debug|Any CPU.Build.0 = Debug|Any CPU
		{99508BA0-325D-422E-AB25-F25E5E12DC98}.Release|Any CPU.ActiveCfg = Release|Any CPU
		{99508BA0-325D-422E-AB25-F25E5E12DC98}.Release|Any CPU.Build.0 = Release|Any CPU
		{AB0B8B29-A02B-442F-A7B6-3B47ECF79F9A}.Debug|Any CPU.ActiveCfg = Debug|Any CPU
		{AB0B8B29-A02B-442F-A7B6-3B47ECF79F9A}.Debug|Any CPU.Build.0 = Debug|Any CPU
		{AB0B8B29-A02B-442F-A7B6-3B47ECF79F9A}.Release|Any CPU.ActiveCfg = Release|Any CPU
		{AB0B8B29-A02B-442F-A7B6-3B47ECF79F9A}.Release|Any CPU.Build.0 = Release|Any CPU
		{77F97156-CBA0-4D7B-BAB9-BBECD9EF7E62}.Debug|Any CPU.ActiveCfg = Debug|Any CPU
		{77F97156-CBA0-4D7B-BAB9-BBECD9EF7E62}.Debug|Any CPU.Build.0 = Debug|Any CPU
		{77F97156-CBA0-4D7B-BAB9-BBECD9EF7E62}.Release|Any CPU.ActiveCfg = Release|Any CPU
		{77F97156-CBA0-4D7B-BAB9-BBECD9EF7E62}.Release|Any CPU.Build.0 = Release|Any CPU
		{9E5A8271-95AE-425B-A3A1-F1B89F4A6D02}.Debug|Any CPU.ActiveCfg = Debug|Any CPU
		{9E5A8271-95AE-425B-A3A1-F1B89F4A6D02}.Debug|Any CPU.Build.0 = Debug|Any CPU
		{9E5A8271-95AE-425B-A3A1-F1B89F4A6D02}.Release|Any CPU.ActiveCfg = Release|Any CPU
		{9E5A8271-95AE-425B-A3A1-F1B89F4A6D02}.Release|Any CPU.Build.0 = Release|Any CPU
		{B4635036-C334-4B1E-AE6D-70171872937A}.Debug|Any CPU.ActiveCfg = Debug|Any CPU
		{B4635036-C334-4B1E-AE6D-70171872937A}.Debug|Any CPU.Build.0 = Debug|Any CPU
		{B4635036-C334-4B1E-AE6D-70171872937A}.Release|Any CPU.ActiveCfg = Release|Any CPU
		{B4635036-C334-4B1E-AE6D-70171872937A}.Release|Any CPU.Build.0 = Release|Any CPU
		{E1954173-7A5E-47A2-8E84-5875E10BDCB1}.Debug|Any CPU.ActiveCfg = Debug|Any CPU
		{E1954173-7A5E-47A2-8E84-5875E10BDCB1}.Debug|Any CPU.Build.0 = Debug|Any CPU
		{E1954173-7A5E-47A2-8E84-5875E10BDCB1}.Release|Any CPU.ActiveCfg = Release|Any CPU
		{E1954173-7A5E-47A2-8E84-5875E10BDCB1}.Release|Any CPU.Build.0 = Release|Any CPU
		{391EFC3D-4242-4244-87C3-C850A72930AD}.Debug|Any CPU.ActiveCfg = Debug|Any CPU
		{391EFC3D-4242-4244-87C3-C850A72930AD}.Debug|Any CPU.Build.0 = Debug|Any CPU
		{391EFC3D-4242-4244-87C3-C850A72930AD}.Release|Any CPU.ActiveCfg = Release|Any CPU
		{391EFC3D-4242-4244-87C3-C850A72930AD}.Release|Any CPU.Build.0 = Release|Any CPU
		{FE99385F-0F3D-4691-8D92-BA9F4854CE43}.Debug|Any CPU.ActiveCfg = Debug|Any CPU
		{FE99385F-0F3D-4691-8D92-BA9F4854CE43}.Debug|Any CPU.Build.0 = Debug|Any CPU
		{FE99385F-0F3D-4691-8D92-BA9F4854CE43}.Release|Any CPU.ActiveCfg = Release|Any CPU
		{FE99385F-0F3D-4691-8D92-BA9F4854CE43}.Release|Any CPU.Build.0 = Release|Any CPU
		{1D346914-E388-43C1-B211-FF2BBDCDFB31}.Debug|Any CPU.ActiveCfg = Debug|Any CPU
		{1D346914-E388-43C1-B211-FF2BBDCDFB31}.Debug|Any CPU.Build.0 = Debug|Any CPU
		{1D346914-E388-43C1-B211-FF2BBDCDFB31}.Release|Any CPU.ActiveCfg = Release|Any CPU
		{1D346914-E388-43C1-B211-FF2BBDCDFB31}.Release|Any CPU.Build.0 = Release|Any CPU
		{380EA287-F873-441B-AD88-0DE820D94576}.Debug|Any CPU.ActiveCfg = Debug|Any CPU
		{380EA287-F873-441B-AD88-0DE820D94576}.Debug|Any CPU.Build.0 = Debug|Any CPU
		{380EA287-F873-441B-AD88-0DE820D94576}.Release|Any CPU.ActiveCfg = Release|Any CPU
		{380EA287-F873-441B-AD88-0DE820D94576}.Release|Any CPU.Build.0 = Release|Any CPU
		{AB03AE99-DCD1-4FFD-AC40-FF74C346CBFD}.Debug|Any CPU.ActiveCfg = Debug|Any CPU
		{AB03AE99-DCD1-4FFD-AC40-FF74C346CBFD}.Debug|Any CPU.Build.0 = Debug|Any CPU
		{AB03AE99-DCD1-4FFD-AC40-FF74C346CBFD}.Release|Any CPU.ActiveCfg = Release|Any CPU
		{AB03AE99-DCD1-4FFD-AC40-FF74C346CBFD}.Release|Any CPU.Build.0 = Release|Any CPU
		{21159144-5D88-4F9B-AA98-7D098832D91B}.Debug|Any CPU.ActiveCfg = Debug|Any CPU
		{21159144-5D88-4F9B-AA98-7D098832D91B}.Debug|Any CPU.Build.0 = Debug|Any CPU
		{21159144-5D88-4F9B-AA98-7D098832D91B}.Release|Any CPU.ActiveCfg = Release|Any CPU
		{21159144-5D88-4F9B-AA98-7D098832D91B}.Release|Any CPU.Build.0 = Release|Any CPU
		{D8B74F12-DA47-4D3D-B000-B0CAC881FF10}.Debug|Any CPU.ActiveCfg = Debug|Any CPU
		{D8B74F12-DA47-4D3D-B000-B0CAC881FF10}.Debug|Any CPU.Build.0 = Debug|Any CPU
		{D8B74F12-DA47-4D3D-B000-B0CAC881FF10}.Release|Any CPU.ActiveCfg = Release|Any CPU
		{D8B74F12-DA47-4D3D-B000-B0CAC881FF10}.Release|Any CPU.Build.0 = Release|Any CPU
		{2B269C65-717F-4868-AC56-D386AAEC9EEF}.Debug|Any CPU.ActiveCfg = Debug|Any CPU
		{2B269C65-717F-4868-AC56-D386AAEC9EEF}.Debug|Any CPU.Build.0 = Debug|Any CPU
		{2B269C65-717F-4868-AC56-D386AAEC9EEF}.Release|Any CPU.ActiveCfg = Release|Any CPU
		{2B269C65-717F-4868-AC56-D386AAEC9EEF}.Release|Any CPU.Build.0 = Release|Any CPU
		{A62ECDE2-24BB-439D-B2B3-9115D62D6F2E}.Debug|Any CPU.ActiveCfg = Debug|Any CPU
		{A62ECDE2-24BB-439D-B2B3-9115D62D6F2E}.Debug|Any CPU.Build.0 = Debug|Any CPU
		{A62ECDE2-24BB-439D-B2B3-9115D62D6F2E}.Release|Any CPU.ActiveCfg = Release|Any CPU
		{A62ECDE2-24BB-439D-B2B3-9115D62D6F2E}.Release|Any CPU.Build.0 = Release|Any CPU
		{A4476C80-73CD-4A8F-B39E-D2A6978DE77C}.Debug|Any CPU.ActiveCfg = Debug|Any CPU
		{A4476C80-73CD-4A8F-B39E-D2A6978DE77C}.Debug|Any CPU.Build.0 = Debug|Any CPU
		{A4476C80-73CD-4A8F-B39E-D2A6978DE77C}.Release|Any CPU.ActiveCfg = Release|Any CPU
		{A4476C80-73CD-4A8F-B39E-D2A6978DE77C}.Release|Any CPU.Build.0 = Release|Any CPU
		{E76447E6-8D12-42A4-BAC7-6A3C1BE0EE5C}.Debug|Any CPU.ActiveCfg = Debug|Any CPU
		{E76447E6-8D12-42A4-BAC7-6A3C1BE0EE5C}.Debug|Any CPU.Build.0 = Debug|Any CPU
		{E76447E6-8D12-42A4-BAC7-6A3C1BE0EE5C}.Release|Any CPU.ActiveCfg = Release|Any CPU
		{E76447E6-8D12-42A4-BAC7-6A3C1BE0EE5C}.Release|Any CPU.Build.0 = Release|Any CPU
		{E268CD1E-FB7E-47CB-9627-83F20128192C}.Debug|Any CPU.ActiveCfg = Debug|Any CPU
		{E268CD1E-FB7E-47CB-9627-83F20128192C}.Debug|Any CPU.Build.0 = Debug|Any CPU
		{E268CD1E-FB7E-47CB-9627-83F20128192C}.Release|Any CPU.ActiveCfg = Release|Any CPU
		{E268CD1E-FB7E-47CB-9627-83F20128192C}.Release|Any CPU.Build.0 = Release|Any CPU
		{D5144DD9-D46E-481F-BC84-1D282299E7E9}.Debug|Any CPU.ActiveCfg = Debug|Any CPU
		{D5144DD9-D46E-481F-BC84-1D282299E7E9}.Debug|Any CPU.Build.0 = Debug|Any CPU
		{D5144DD9-D46E-481F-BC84-1D282299E7E9}.Release|Any CPU.ActiveCfg = Release|Any CPU
		{D5144DD9-D46E-481F-BC84-1D282299E7E9}.Release|Any CPU.Build.0 = Release|Any CPU
		{997A631E-D6BE-4DCC-ADBC-1C40CF089912}.Debug|Any CPU.ActiveCfg = Debug|Any CPU
		{997A631E-D6BE-4DCC-ADBC-1C40CF089912}.Debug|Any CPU.Build.0 = Debug|Any CPU
		{997A631E-D6BE-4DCC-ADBC-1C40CF089912}.Release|Any CPU.ActiveCfg = Release|Any CPU
		{997A631E-D6BE-4DCC-ADBC-1C40CF089912}.Release|Any CPU.Build.0 = Release|Any CPU
		{991B086B-C7DA-4345-9DBB-0891C4E6E891}.Debug|Any CPU.ActiveCfg = Debug|Any CPU
		{991B086B-C7DA-4345-9DBB-0891C4E6E891}.Debug|Any CPU.Build.0 = Debug|Any CPU
		{991B086B-C7DA-4345-9DBB-0891C4E6E891}.Release|Any CPU.ActiveCfg = Release|Any CPU
		{991B086B-C7DA-4345-9DBB-0891C4E6E891}.Release|Any CPU.Build.0 = Release|Any CPU
		{E9A45878-F9FD-4DEF-8849-6DF7B8EF9149}.Debug|Any CPU.ActiveCfg = Debug|Any CPU
		{E9A45878-F9FD-4DEF-8849-6DF7B8EF9149}.Debug|Any CPU.Build.0 = Debug|Any CPU
		{E9A45878-F9FD-4DEF-8849-6DF7B8EF9149}.Release|Any CPU.ActiveCfg = Release|Any CPU
		{E9A45878-F9FD-4DEF-8849-6DF7B8EF9149}.Release|Any CPU.Build.0 = Release|Any CPU
		{9DB8799A-CF63-43A2-888D-87BF5E13DECE}.Debug|Any CPU.ActiveCfg = Debug|Any CPU
		{9DB8799A-CF63-43A2-888D-87BF5E13DECE}.Debug|Any CPU.Build.0 = Debug|Any CPU
		{9DB8799A-CF63-43A2-888D-87BF5E13DECE}.Release|Any CPU.ActiveCfg = Release|Any CPU
		{9DB8799A-CF63-43A2-888D-87BF5E13DECE}.Release|Any CPU.Build.0 = Release|Any CPU
		{A9BBD09A-0130-4D3E-869D-6C5F8AE1B080}.Debug|Any CPU.ActiveCfg = Debug|Any CPU
		{A9BBD09A-0130-4D3E-869D-6C5F8AE1B080}.Debug|Any CPU.Build.0 = Debug|Any CPU
		{A9BBD09A-0130-4D3E-869D-6C5F8AE1B080}.Release|Any CPU.ActiveCfg = Release|Any CPU
		{A9BBD09A-0130-4D3E-869D-6C5F8AE1B080}.Release|Any CPU.Build.0 = Release|Any CPU
		{77CBCEC1-1060-439B-B61E-92BDEDE95E4F}.Debug|Any CPU.ActiveCfg = Debug|Any CPU
		{77CBCEC1-1060-439B-B61E-92BDEDE95E4F}.Debug|Any CPU.Build.0 = Debug|Any CPU
		{77CBCEC1-1060-439B-B61E-92BDEDE95E4F}.Release|Any CPU.ActiveCfg = Release|Any CPU
		{77CBCEC1-1060-439B-B61E-92BDEDE95E4F}.Release|Any CPU.Build.0 = Release|Any CPU
		{E56CA603-88E4-4FC5-8F69-EBC557185088}.Debug|Any CPU.ActiveCfg = Debug|Any CPU
		{E56CA603-88E4-4FC5-8F69-EBC557185088}.Debug|Any CPU.Build.0 = Debug|Any CPU
		{E56CA603-88E4-4FC5-8F69-EBC557185088}.Release|Any CPU.ActiveCfg = Release|Any CPU
		{E56CA603-88E4-4FC5-8F69-EBC557185088}.Release|Any CPU.Build.0 = Release|Any CPU
		{4F925E29-DE5B-4BF2-BA60-6471476C25E2}.Debug|Any CPU.ActiveCfg = Debug|Any CPU
		{4F925E29-DE5B-4BF2-BA60-6471476C25E2}.Debug|Any CPU.Build.0 = Debug|Any CPU
		{4F925E29-DE5B-4BF2-BA60-6471476C25E2}.Release|Any CPU.ActiveCfg = Release|Any CPU
		{4F925E29-DE5B-4BF2-BA60-6471476C25E2}.Release|Any CPU.Build.0 = Release|Any CPU
		{CE926565-64A9-49AE-B26E-D32F5C51DBB7}.Debug|Any CPU.ActiveCfg = Debug|Any CPU
		{CE926565-64A9-49AE-B26E-D32F5C51DBB7}.Debug|Any CPU.Build.0 = Debug|Any CPU
		{CE926565-64A9-49AE-B26E-D32F5C51DBB7}.Release|Any CPU.ActiveCfg = Release|Any CPU
		{CE926565-64A9-49AE-B26E-D32F5C51DBB7}.Release|Any CPU.Build.0 = Release|Any CPU
		{6DD1AB07-F57C-493E-B525-7863F17CD238}.Debug|Any CPU.ActiveCfg = Debug|Any CPU
		{6DD1AB07-F57C-493E-B525-7863F17CD238}.Debug|Any CPU.Build.0 = Debug|Any CPU
		{6DD1AB07-F57C-493E-B525-7863F17CD238}.Release|Any CPU.ActiveCfg = Release|Any CPU
		{6DD1AB07-F57C-493E-B525-7863F17CD238}.Release|Any CPU.Build.0 = Release|Any CPU
		{C9BC9EB2-A2A2-4376-9EB1-7F29E8210EF6}.Debug|Any CPU.ActiveCfg = Debug|Any CPU
		{C9BC9EB2-A2A2-4376-9EB1-7F29E8210EF6}.Debug|Any CPU.Build.0 = Debug|Any CPU
		{C9BC9EB2-A2A2-4376-9EB1-7F29E8210EF6}.Release|Any CPU.ActiveCfg = Release|Any CPU
		{C9BC9EB2-A2A2-4376-9EB1-7F29E8210EF6}.Release|Any CPU.Build.0 = Release|Any CPU
		{38BC03C1-60A0-4A7E-9276-26D82C84D66E}.Debug|Any CPU.ActiveCfg = Debug|Any CPU
		{38BC03C1-60A0-4A7E-9276-26D82C84D66E}.Debug|Any CPU.Build.0 = Debug|Any CPU
		{38BC03C1-60A0-4A7E-9276-26D82C84D66E}.Release|Any CPU.ActiveCfg = Release|Any CPU
		{38BC03C1-60A0-4A7E-9276-26D82C84D66E}.Release|Any CPU.Build.0 = Release|Any CPU
		{0B463DBC-1869-460E-AC6E-B5E085CF694E}.Debug|Any CPU.ActiveCfg = Debug|Any CPU
		{0B463DBC-1869-460E-AC6E-B5E085CF694E}.Debug|Any CPU.Build.0 = Debug|Any CPU
		{0B463DBC-1869-460E-AC6E-B5E085CF694E}.Release|Any CPU.ActiveCfg = Release|Any CPU
		{0B463DBC-1869-460E-AC6E-B5E085CF694E}.Release|Any CPU.Build.0 = Release|Any CPU
		{D9CBA3BB-F09B-485A-AB41-EB4671F3BFA5}.Debug|Any CPU.ActiveCfg = Debug|Any CPU
		{D9CBA3BB-F09B-485A-AB41-EB4671F3BFA5}.Debug|Any CPU.Build.0 = Debug|Any CPU
		{D9CBA3BB-F09B-485A-AB41-EB4671F3BFA5}.Release|Any CPU.ActiveCfg = Release|Any CPU
		{D9CBA3BB-F09B-485A-AB41-EB4671F3BFA5}.Release|Any CPU.Build.0 = Release|Any CPU
		{616408A6-C810-4E30-A425-7DF3CFBBA8A9}.Debug|Any CPU.ActiveCfg = Debug|Any CPU
		{616408A6-C810-4E30-A425-7DF3CFBBA8A9}.Debug|Any CPU.Build.0 = Debug|Any CPU
		{616408A6-C810-4E30-A425-7DF3CFBBA8A9}.Release|Any CPU.ActiveCfg = Release|Any CPU
		{616408A6-C810-4E30-A425-7DF3CFBBA8A9}.Release|Any CPU.Build.0 = Release|Any CPU
		{10C748AE-9001-4E0F-9073-F065B3312113}.Debug|Any CPU.ActiveCfg = Debug|Any CPU
		{10C748AE-9001-4E0F-9073-F065B3312113}.Debug|Any CPU.Build.0 = Debug|Any CPU
		{10C748AE-9001-4E0F-9073-F065B3312113}.Release|Any CPU.ActiveCfg = Release|Any CPU
		{10C748AE-9001-4E0F-9073-F065B3312113}.Release|Any CPU.Build.0 = Release|Any CPU
		{421D1B27-3D82-45D4-9836-1EEC89A9A239}.Debug|Any CPU.ActiveCfg = Debug|Any CPU
		{421D1B27-3D82-45D4-9836-1EEC89A9A239}.Debug|Any CPU.Build.0 = Debug|Any CPU
		{421D1B27-3D82-45D4-9836-1EEC89A9A239}.Release|Any CPU.ActiveCfg = Release|Any CPU
		{421D1B27-3D82-45D4-9836-1EEC89A9A239}.Release|Any CPU.Build.0 = Release|Any CPU
		{A6A26FED-18D4-4E0E-BBE3-B2ED5B436753}.Debug|Any CPU.ActiveCfg = Debug|Any CPU
		{A6A26FED-18D4-4E0E-BBE3-B2ED5B436753}.Debug|Any CPU.Build.0 = Debug|Any CPU
		{A6A26FED-18D4-4E0E-BBE3-B2ED5B436753}.Release|Any CPU.ActiveCfg = Release|Any CPU
		{A6A26FED-18D4-4E0E-BBE3-B2ED5B436753}.Release|Any CPU.Build.0 = Release|Any CPU
		{8EE42223-837B-4202-9803-86FCD2E222FB}.Debug|Any CPU.ActiveCfg = Debug|Any CPU
		{8EE42223-837B-4202-9803-86FCD2E222FB}.Debug|Any CPU.Build.0 = Debug|Any CPU
		{8EE42223-837B-4202-9803-86FCD2E222FB}.Release|Any CPU.ActiveCfg = Release|Any CPU
		{8EE42223-837B-4202-9803-86FCD2E222FB}.Release|Any CPU.Build.0 = Release|Any CPU
		{22FE56AE-2BAB-425B-B259-FCEA8204A7DB}.Debug|Any CPU.ActiveCfg = Debug|Any CPU
		{22FE56AE-2BAB-425B-B259-FCEA8204A7DB}.Debug|Any CPU.Build.0 = Debug|Any CPU
		{22FE56AE-2BAB-425B-B259-FCEA8204A7DB}.Release|Any CPU.ActiveCfg = Release|Any CPU
		{22FE56AE-2BAB-425B-B259-FCEA8204A7DB}.Release|Any CPU.Build.0 = Release|Any CPU
		{178D1419-07F6-475C-A00C-D0AC3D9D7295}.Debug|Any CPU.ActiveCfg = Debug|Any CPU
		{178D1419-07F6-475C-A00C-D0AC3D9D7295}.Debug|Any CPU.Build.0 = Debug|Any CPU
		{178D1419-07F6-475C-A00C-D0AC3D9D7295}.Release|Any CPU.ActiveCfg = Release|Any CPU
		{178D1419-07F6-475C-A00C-D0AC3D9D7295}.Release|Any CPU.Build.0 = Release|Any CPU
		{F2C71630-C0BD-4279-AF40-8D229DDCAF0D}.Debug|Any CPU.ActiveCfg = Debug|Any CPU
		{F2C71630-C0BD-4279-AF40-8D229DDCAF0D}.Debug|Any CPU.Build.0 = Debug|Any CPU
		{F2C71630-C0BD-4279-AF40-8D229DDCAF0D}.Release|Any CPU.ActiveCfg = Release|Any CPU
		{F2C71630-C0BD-4279-AF40-8D229DDCAF0D}.Release|Any CPU.Build.0 = Release|Any CPU
		{20B1864B-5B3E-4FB9-9E84-C8322E97A8E4}.Debug|Any CPU.ActiveCfg = Debug|Any CPU
		{20B1864B-5B3E-4FB9-9E84-C8322E97A8E4}.Debug|Any CPU.Build.0 = Debug|Any CPU
		{20B1864B-5B3E-4FB9-9E84-C8322E97A8E4}.Release|Any CPU.ActiveCfg = Release|Any CPU
		{20B1864B-5B3E-4FB9-9E84-C8322E97A8E4}.Release|Any CPU.Build.0 = Release|Any CPU
	EndGlobalSection
	GlobalSection(NestedProjects) = preSolution
		{87995818-81A1-45C4-9D59-4A60D94C98C6} = {415B8786-6AFC-4956-B06E-B6DB002E68CC}
		{296B3A25-91B1-457E-85F5-18FBCA54CFFD} = {415B8786-6AFC-4956-B06E-B6DB002E68CC}
		{64F17DFF-0B23-415F-8EC5-89A9A7F33D9F} = {415B8786-6AFC-4956-B06E-B6DB002E68CC}
		{4E14817B-6D6E-4230-98D7-E89B9D46C8EF} = {415B8786-6AFC-4956-B06E-B6DB002E68CC}
		{A42E19B3-11C5-4459-AC8C-6934A6A6FD7F} = {415B8786-6AFC-4956-B06E-B6DB002E68CC}
		{99508BA0-325D-422E-AB25-F25E5E12DC98} = {415B8786-6AFC-4956-B06E-B6DB002E68CC}
		{AB0B8B29-A02B-442F-A7B6-3B47ECF79F9A} = {415B8786-6AFC-4956-B06E-B6DB002E68CC}
		{77F97156-CBA0-4D7B-BAB9-BBECD9EF7E62} = {13B311DC-3050-43E9-8DB2-7FDFA98CA3FD}
		{9E5A8271-95AE-425B-A3A1-F1B89F4A6D02} = {13B311DC-3050-43E9-8DB2-7FDFA98CA3FD}
		{B4635036-C334-4B1E-AE6D-70171872937A} = {13B311DC-3050-43E9-8DB2-7FDFA98CA3FD}
		{E1954173-7A5E-47A2-8E84-5875E10BDCB1} = {13B311DC-3050-43E9-8DB2-7FDFA98CA3FD}
		{391EFC3D-4242-4244-87C3-C850A72930AD} = {13B311DC-3050-43E9-8DB2-7FDFA98CA3FD}
		{FE99385F-0F3D-4691-8D92-BA9F4854CE43} = {13B311DC-3050-43E9-8DB2-7FDFA98CA3FD}
		{1D346914-E388-43C1-B211-FF2BBDCDFB31} = {13B311DC-3050-43E9-8DB2-7FDFA98CA3FD}
		{380EA287-F873-441B-AD88-0DE820D94576} = {13B311DC-3050-43E9-8DB2-7FDFA98CA3FD}
		{AB03AE99-DCD1-4FFD-AC40-FF74C346CBFD} = {13B311DC-3050-43E9-8DB2-7FDFA98CA3FD}
		{21159144-5D88-4F9B-AA98-7D098832D91B} = {13B311DC-3050-43E9-8DB2-7FDFA98CA3FD}
		{D8B74F12-DA47-4D3D-B000-B0CAC881FF10} = {13B311DC-3050-43E9-8DB2-7FDFA98CA3FD}
		{2B269C65-717F-4868-AC56-D386AAEC9EEF} = {13B311DC-3050-43E9-8DB2-7FDFA98CA3FD}
		{A62ECDE2-24BB-439D-B2B3-9115D62D6F2E} = {13B311DC-3050-43E9-8DB2-7FDFA98CA3FD}
		{A4476C80-73CD-4A8F-B39E-D2A6978DE77C} = {13B311DC-3050-43E9-8DB2-7FDFA98CA3FD}
		{E76447E6-8D12-42A4-BAC7-6A3C1BE0EE5C} = {13B311DC-3050-43E9-8DB2-7FDFA98CA3FD}
		{E268CD1E-FB7E-47CB-9627-83F20128192C} = {13B311DC-3050-43E9-8DB2-7FDFA98CA3FD}
		{D5144DD9-D46E-481F-BC84-1D282299E7E9} = {13B311DC-3050-43E9-8DB2-7FDFA98CA3FD}
		{997A631E-D6BE-4DCC-ADBC-1C40CF089912} = {13B311DC-3050-43E9-8DB2-7FDFA98CA3FD}
		{991B086B-C7DA-4345-9DBB-0891C4E6E891} = {13B311DC-3050-43E9-8DB2-7FDFA98CA3FD}
		{E9A45878-F9FD-4DEF-8849-6DF7B8EF9149} = {13B311DC-3050-43E9-8DB2-7FDFA98CA3FD}
		{9DB8799A-CF63-43A2-888D-87BF5E13DECE} = {13B311DC-3050-43E9-8DB2-7FDFA98CA3FD}
		{A9BBD09A-0130-4D3E-869D-6C5F8AE1B080} = {13B311DC-3050-43E9-8DB2-7FDFA98CA3FD}
		{77CBCEC1-1060-439B-B61E-92BDEDE95E4F} = {13B311DC-3050-43E9-8DB2-7FDFA98CA3FD}
		{E56CA603-88E4-4FC5-8F69-EBC557185088} = {13B311DC-3050-43E9-8DB2-7FDFA98CA3FD}
		{4F925E29-DE5B-4BF2-BA60-6471476C25E2} = {13B311DC-3050-43E9-8DB2-7FDFA98CA3FD}
		{CE926565-64A9-49AE-B26E-D32F5C51DBB7} = {13B311DC-3050-43E9-8DB2-7FDFA98CA3FD}
		{6DD1AB07-F57C-493E-B525-7863F17CD238} = {13B311DC-3050-43E9-8DB2-7FDFA98CA3FD}
		{C9BC9EB2-A2A2-4376-9EB1-7F29E8210EF6} = {13B311DC-3050-43E9-8DB2-7FDFA98CA3FD}
		{38BC03C1-60A0-4A7E-9276-26D82C84D66E} = {13B311DC-3050-43E9-8DB2-7FDFA98CA3FD}
		{0B463DBC-1869-460E-AC6E-B5E085CF694E} = {13B311DC-3050-43E9-8DB2-7FDFA98CA3FD}
		{D9CBA3BB-F09B-485A-AB41-EB4671F3BFA5} = {13B311DC-3050-43E9-8DB2-7FDFA98CA3FD}
		{616408A6-C810-4E30-A425-7DF3CFBBA8A9} = {13B311DC-3050-43E9-8DB2-7FDFA98CA3FD}
		{10C748AE-9001-4E0F-9073-F065B3312113} = {13B311DC-3050-43E9-8DB2-7FDFA98CA3FD}
		{421D1B27-3D82-45D4-9836-1EEC89A9A239} = {13B311DC-3050-43E9-8DB2-7FDFA98CA3FD}
		{A6A26FED-18D4-4E0E-BBE3-B2ED5B436753} = {13B311DC-3050-43E9-8DB2-7FDFA98CA3FD}
		{8EE42223-837B-4202-9803-86FCD2E222FB} = {13B311DC-3050-43E9-8DB2-7FDFA98CA3FD}
		{22FE56AE-2BAB-425B-B259-FCEA8204A7DB} = {13B311DC-3050-43E9-8DB2-7FDFA98CA3FD}
		{178D1419-07F6-475C-A00C-D0AC3D9D7295} = {13B311DC-3050-43E9-8DB2-7FDFA98CA3FD}
		{F2C71630-C0BD-4279-AF40-8D229DDCAF0D} = {13B311DC-3050-43E9-8DB2-7FDFA98CA3FD}
		{20B1864B-5B3E-4FB9-9E84-C8322E97A8E4} = {13B311DC-3050-43E9-8DB2-7FDFA98CA3FD}
	EndGlobalSection
EndGlobal
