
Microsoft Visual Studio Solution File, Format Version 12.00
Project("{FAE04EC0-301F-11D3-BF4B-00C04F79EFBC}") = "Practice1.Task1", "Practice1.Task1\Practice1.Task1.csproj", "{87995818-81A1-45C4-9D59-4A60D94C98C6}"
EndProject
Project("{2150E333-8FDC-42A3-9474-1A3956D46DE8}") = "Practice1", "Practice1", "{415B8786-6AFC-4956-B06E-B6DB002E68CC}"
EndProject
Project("{FAE04EC0-301F-11D3-BF4B-00C04F79EFBC}") = "Practice1.Task2", "Practice1.Task2\Practice1.Task2.csproj", "{296B3A25-91B1-457E-85F5-18FBCA54CFFD}"
EndProject
Project("{FAE04EC0-301F-11D3-BF4B-00C04F79EFBC}") = "Practice1.Task3", "Practice1.Task3\Practice1.Task3.csproj", "{64F17DFF-0B23-415F-8EC5-89A9A7F33D9F}"
EndProject
Project("{FAE04EC0-301F-11D3-BF4B-00C04F79EFBC}") = "Practice1.Task4", "Practice1.Task4\Practice1.Task4.csproj", "{4E14817B-6D6E-4230-98D7-E89B9D46C8EF}"
EndProject
Project("{FAE04EC0-301F-11D3-BF4B-00C04F79EFBC}") = "Practice1.Task5", "Practice1.Task5\Practice1.Task5.csproj", "{A42E19B3-11C5-4459-AC8C-6934A6A6FD7F}"
EndProject
Project("{FAE04EC0-301F-11D3-BF4B-00C04F79EFBC}") = "Practice1.Task6", "Practice1.Task6\Practice1.Task6.csproj", "{99508BA0-325D-422E-AB25-F25E5E12DC98}"
EndProject
Project("{FAE04EC0-301F-11D3-BF4B-00C04F79EFBC}") = "Practice1.Task7", "Practice1.Task7\Practice1.Task7.csproj", "{AB0B8B29-A02B-442F-A7B6-3B47ECF79F9A}"
EndProject
Project("{2150E333-8FDC-42A3-9474-1A3956D46DE8}") = "Practice2", "Practice2", "{4A733C1B-511E-4371-879A-04FA8AC40308}"
EndProject
Project("{FAE04EC0-301F-11D3-BF4B-00C04F79EFBC}") = "Practice2.Task1а", "Practice2.Task1а\Practice2.Task1а.csproj", "{E88A7283-18B1-4D85-98E5-47762DEDEC8B}"
EndProject
Project("{FAE04EC0-301F-11D3-BF4B-00C04F79EFBC}") = "Practice2.Task1b", "Practice2.Task1b\Practice2.Task1b.csproj", "{FF71E1E8-122A-410B-B431-69947A196FE8}"
EndProject
Project("{FAE04EC0-301F-11D3-BF4B-00C04F79EFBC}") = "Practice2.Task1с", "Practice2.Task1с\Practice2.Task1с.csproj", "{0EB048C6-223E-451F-8BC3-AE784D793089}"
EndProject
Project("{FAE04EC0-301F-11D3-BF4B-00C04F79EFBC}") = "Practice2.Task1d", "Practice2.Task1d\Practice2.Task1d.csproj", "{EB8D9C60-22A2-452D-8995-580438D4FFF0}"
EndProject
Project("{FAE04EC0-301F-11D3-BF4B-00C04F79EFBC}") = "Practice2.Task1e", "Practice2.Task1e\Practice2.Task1e.csproj", "{FAF36E20-BFF7-4C3D-9688-1029234D8780}"
EndProject
Project("{FAE04EC0-301F-11D3-BF4B-00C04F79EFBC}") = "Practice2.Task1f", "Practice2.Task1f\Practice2.Task1f.csproj", "{2DBD4F67-29DF-4BF7-906C-5BF89BB04DE2}"
EndProject
Project("{FAE04EC0-301F-11D3-BF4B-00C04F79EFBC}") = "Practice2.Task2a", "Practice2.Task2a\Practice2.Task2a.csproj", "{2575A008-A68C-462B-AA1E-605CD0A56F33}"
EndProject
Project("{FAE04EC0-301F-11D3-BF4B-00C04F79EFBC}") = "Practice2.Task2b", "Practice2.Task2b\Practice2.Task2b.csproj", "{8177DCDE-7FC4-4507-AE40-E1F8A8C67174}"
EndProject
Project("{FAE04EC0-301F-11D3-BF4B-00C04F79EFBC}") = "Practice2.Task2c", "Practice2.Task2c\Practice2.Task2c.csproj", "{24A7C812-F98A-48FB-8C52-9603FBCB4DDE}"
EndProject
Project("{FAE04EC0-301F-11D3-BF4B-00C04F79EFBC}") = "Practice2.Task2d", "Practice2.Task2d\Practice2.Task2d.csproj", "{217FD39B-318C-4D89-8F42-2E851EA68304}"
EndProject
Global
	GlobalSection(SolutionConfigurationPlatforms) = preSolution
		Debug|Any CPU = Debug|Any CPU
		Release|Any CPU = Release|Any CPU
	EndGlobalSection
	GlobalSection(ProjectConfigurationPlatforms) = postSolution
		{87995818-81A1-45C4-9D59-4A60D94C98C6}.Debug|Any CPU.ActiveCfg = Debug|Any CPU
		{87995818-81A1-45C4-9D59-4A60D94C98C6}.Debug|Any CPU.Build.0 = Debug|Any CPU
		{87995818-81A1-45C4-9D59-4A60D94C98C6}.Release|Any CPU.ActiveCfg = Release|Any CPU
		{87995818-81A1-45C4-9D59-4A60D94C98C6}.Release|Any CPU.Build.0 = Release|Any CPU
		{296B3A25-91B1-457E-85F5-18FBCA54CFFD}.Debug|Any CPU.ActiveCfg = Debug|Any CPU
		{296B3A25-91B1-457E-85F5-18FBCA54CFFD}.Debug|Any CPU.Build.0 = Debug|Any CPU
		{296B3A25-91B1-457E-85F5-18FBCA54CFFD}.Release|Any CPU.ActiveCfg = Release|Any CPU
		{296B3A25-91B1-457E-85F5-18FBCA54CFFD}.Release|Any CPU.Build.0 = Release|Any CPU
		{64F17DFF-0B23-415F-8EC5-89A9A7F33D9F}.Debug|Any CPU.ActiveCfg = Debug|Any CPU
		{64F17DFF-0B23-415F-8EC5-89A9A7F33D9F}.Debug|Any CPU.Build.0 = Debug|Any CPU
		{64F17DFF-0B23-415F-8EC5-89A9A7F33D9F}.Release|Any CPU.ActiveCfg = Release|Any CPU
		{64F17DFF-0B23-415F-8EC5-89A9A7F33D9F}.Release|Any CPU.Build.0 = Release|Any CPU
		{4E14817B-6D6E-4230-98D7-E89B9D46C8EF}.Debug|Any CPU.ActiveCfg = Debug|Any CPU
		{4E14817B-6D6E-4230-98D7-E89B9D46C8EF}.Debug|Any CPU.Build.0 = Debug|Any CPU
		{4E14817B-6D6E-4230-98D7-E89B9D46C8EF}.Release|Any CPU.ActiveCfg = Release|Any CPU
		{4E14817B-6D6E-4230-98D7-E89B9D46C8EF}.Release|Any CPU.Build.0 = Release|Any CPU
		{A42E19B3-11C5-4459-AC8C-6934A6A6FD7F}.Debug|Any CPU.ActiveCfg = Debug|Any CPU
		{A42E19B3-11C5-4459-AC8C-6934A6A6FD7F}.Debug|Any CPU.Build.0 = Debug|Any CPU
		{A42E19B3-11C5-4459-AC8C-6934A6A6FD7F}.Release|Any CPU.ActiveCfg = Release|Any CPU
		{A42E19B3-11C5-4459-AC8C-6934A6A6FD7F}.Release|Any CPU.Build.0 = Release|Any CPU
		{99508BA0-325D-422E-AB25-F25E5E12DC98}.Debug|Any CPU.ActiveCfg = Debug|Any CPU
		{99508BA0-325D-422E-AB25-F25E5E12DC98}.Debug|Any CPU.Build.0 = Debug|Any CPU
		{99508BA0-325D-422E-AB25-F25E5E12DC98}.Release|Any CPU.ActiveCfg = Release|Any CPU
		{99508BA0-325D-422E-AB25-F25E5E12DC98}.Release|Any CPU.Build.0 = Release|Any CPU
		{AB0B8B29-A02B-442F-A7B6-3B47ECF79F9A}.Debug|Any CPU.ActiveCfg = Debug|Any CPU
		{AB0B8B29-A02B-442F-A7B6-3B47ECF79F9A}.Debug|Any CPU.Build.0 = Debug|Any CPU
		{AB0B8B29-A02B-442F-A7B6-3B47ECF79F9A}.Release|Any CPU.ActiveCfg = Release|Any CPU
		{AB0B8B29-A02B-442F-A7B6-3B47ECF79F9A}.Release|Any CPU.Build.0 = Release|Any CPU
		{E88A7283-18B1-4D85-98E5-47762DEDEC8B}.Debug|Any CPU.ActiveCfg = Debug|Any CPU
		{E88A7283-18B1-4D85-98E5-47762DEDEC8B}.Debug|Any CPU.Build.0 = Debug|Any CPU
		{E88A7283-18B1-4D85-98E5-47762DEDEC8B}.Release|Any CPU.ActiveCfg = Release|Any CPU
		{E88A7283-18B1-4D85-98E5-47762DEDEC8B}.Release|Any CPU.Build.0 = Release|Any CPU
		{FF71E1E8-122A-410B-B431-69947A196FE8}.Debug|Any CPU.ActiveCfg = Debug|Any CPU
		{FF71E1E8-122A-410B-B431-69947A196FE8}.Debug|Any CPU.Build.0 = Debug|Any CPU
		{FF71E1E8-122A-410B-B431-69947A196FE8}.Release|Any CPU.ActiveCfg = Release|Any CPU
		{FF71E1E8-122A-410B-B431-69947A196FE8}.Release|Any CPU.Build.0 = Release|Any CPU
		{0EB048C6-223E-451F-8BC3-AE784D793089}.Debug|Any CPU.ActiveCfg = Debug|Any CPU
		{0EB048C6-223E-451F-8BC3-AE784D793089}.Debug|Any CPU.Build.0 = Debug|Any CPU
		{0EB048C6-223E-451F-8BC3-AE784D793089}.Release|Any CPU.ActiveCfg = Release|Any CPU
		{0EB048C6-223E-451F-8BC3-AE784D793089}.Release|Any CPU.Build.0 = Release|Any CPU
		{EB8D9C60-22A2-452D-8995-580438D4FFF0}.Debug|Any CPU.ActiveCfg = Debug|Any CPU
		{EB8D9C60-22A2-452D-8995-580438D4FFF0}.Debug|Any CPU.Build.0 = Debug|Any CPU
		{EB8D9C60-22A2-452D-8995-580438D4FFF0}.Release|Any CPU.ActiveCfg = Release|Any CPU
		{EB8D9C60-22A2-452D-8995-580438D4FFF0}.Release|Any CPU.Build.0 = Release|Any CPU
		{FAF36E20-BFF7-4C3D-9688-1029234D8780}.Debug|Any CPU.ActiveCfg = Debug|Any CPU
		{FAF36E20-BFF7-4C3D-9688-1029234D8780}.Debug|Any CPU.Build.0 = Debug|Any CPU
		{FAF36E20-BFF7-4C3D-9688-1029234D8780}.Release|Any CPU.ActiveCfg = Release|Any CPU
		{FAF36E20-BFF7-4C3D-9688-1029234D8780}.Release|Any CPU.Build.0 = Release|Any CPU
		{2DBD4F67-29DF-4BF7-906C-5BF89BB04DE2}.Debug|Any CPU.ActiveCfg = Debug|Any CPU
		{2DBD4F67-29DF-4BF7-906C-5BF89BB04DE2}.Debug|Any CPU.Build.0 = Debug|Any CPU
		{2DBD4F67-29DF-4BF7-906C-5BF89BB04DE2}.Release|Any CPU.ActiveCfg = Release|Any CPU
		{2DBD4F67-29DF-4BF7-906C-5BF89BB04DE2}.Release|Any CPU.Build.0 = Release|Any CPU
		{2575A008-A68C-462B-AA1E-605CD0A56F33}.Debug|Any CPU.ActiveCfg = Debug|Any CPU
		{2575A008-A68C-462B-AA1E-605CD0A56F33}.Debug|Any CPU.Build.0 = Debug|Any CPU
		{2575A008-A68C-462B-AA1E-605CD0A56F33}.Release|Any CPU.ActiveCfg = Release|Any CPU
		{2575A008-A68C-462B-AA1E-605CD0A56F33}.Release|Any CPU.Build.0 = Release|Any CPU
		{8177DCDE-7FC4-4507-AE40-E1F8A8C67174}.Debug|Any CPU.ActiveCfg = Debug|Any CPU
		{8177DCDE-7FC4-4507-AE40-E1F8A8C67174}.Debug|Any CPU.Build.0 = Debug|Any CPU
		{8177DCDE-7FC4-4507-AE40-E1F8A8C67174}.Release|Any CPU.ActiveCfg = Release|Any CPU
		{8177DCDE-7FC4-4507-AE40-E1F8A8C67174}.Release|Any CPU.Build.0 = Release|Any CPU
		{24A7C812-F98A-48FB-8C52-9603FBCB4DDE}.Debug|Any CPU.ActiveCfg = Debug|Any CPU
		{24A7C812-F98A-48FB-8C52-9603FBCB4DDE}.Debug|Any CPU.Build.0 = Debug|Any CPU
		{24A7C812-F98A-48FB-8C52-9603FBCB4DDE}.Release|Any CPU.ActiveCfg = Release|Any CPU
		{24A7C812-F98A-48FB-8C52-9603FBCB4DDE}.Release|Any CPU.Build.0 = Release|Any CPU
		{217FD39B-318C-4D89-8F42-2E851EA68304}.Debug|Any CPU.ActiveCfg = Debug|Any CPU
		{217FD39B-318C-4D89-8F42-2E851EA68304}.Debug|Any CPU.Build.0 = Debug|Any CPU
		{217FD39B-318C-4D89-8F42-2E851EA68304}.Release|Any CPU.ActiveCfg = Release|Any CPU
		{217FD39B-318C-4D89-8F42-2E851EA68304}.Release|Any CPU.Build.0 = Release|Any CPU
	EndGlobalSection
	GlobalSection(NestedProjects) = preSolution
		{87995818-81A1-45C4-9D59-4A60D94C98C6} = {415B8786-6AFC-4956-B06E-B6DB002E68CC}
		{296B3A25-91B1-457E-85F5-18FBCA54CFFD} = {415B8786-6AFC-4956-B06E-B6DB002E68CC}
		{64F17DFF-0B23-415F-8EC5-89A9A7F33D9F} = {415B8786-6AFC-4956-B06E-B6DB002E68CC}
		{4E14817B-6D6E-4230-98D7-E89B9D46C8EF} = {415B8786-6AFC-4956-B06E-B6DB002E68CC}
		{A42E19B3-11C5-4459-AC8C-6934A6A6FD7F} = {415B8786-6AFC-4956-B06E-B6DB002E68CC}
		{99508BA0-325D-422E-AB25-F25E5E12DC98} = {415B8786-6AFC-4956-B06E-B6DB002E68CC}
		{AB0B8B29-A02B-442F-A7B6-3B47ECF79F9A} = {415B8786-6AFC-4956-B06E-B6DB002E68CC}
		{E88A7283-18B1-4D85-98E5-47762DEDEC8B} = {4A733C1B-511E-4371-879A-04FA8AC40308}
		{FF71E1E8-122A-410B-B431-69947A196FE8} = {4A733C1B-511E-4371-879A-04FA8AC40308}
		{0EB048C6-223E-451F-8BC3-AE784D793089} = {4A733C1B-511E-4371-879A-04FA8AC40308}
		{EB8D9C60-22A2-452D-8995-580438D4FFF0} = {4A733C1B-511E-4371-879A-04FA8AC40308}
		{FAF36E20-BFF7-4C3D-9688-1029234D8780} = {4A733C1B-511E-4371-879A-04FA8AC40308}
		{2DBD4F67-29DF-4BF7-906C-5BF89BB04DE2} = {4A733C1B-511E-4371-879A-04FA8AC40308}
		{2575A008-A68C-462B-AA1E-605CD0A56F33} = {4A733C1B-511E-4371-879A-04FA8AC40308}
		{8177DCDE-7FC4-4507-AE40-E1F8A8C67174} = {4A733C1B-511E-4371-879A-04FA8AC40308}
		{24A7C812-F98A-48FB-8C52-9603FBCB4DDE} = {4A733C1B-511E-4371-879A-04FA8AC40308}
		{217FD39B-318C-4D89-8F42-2E851EA68304} = {4A733C1B-511E-4371-879A-04FA8AC40308}
	EndGlobalSection
EndGlobal
